// !$*UTF8*$!
{
	archiveVersion = 1;
	classes = {
	};
	objectVersion = 55;
	objects = {

/* Begin PBXBuildFile section */
		A7999B902822B69B00B6BCDB /* pokedexApp.swift in Sources */ = {isa = PBXBuildFile; fileRef = A7999B8F2822B69B00B6BCDB /* pokedexApp.swift */; };
		A7999B942822B69D00B6BCDB /* Assets.xcassets in Resources */ = {isa = PBXBuildFile; fileRef = A7999B932822B69D00B6BCDB /* Assets.xcassets */; };
		A7999B972822B69D00B6BCDB /* Preview Assets.xcassets in Resources */ = {isa = PBXBuildFile; fileRef = A7999B962822B69D00B6BCDB /* Preview Assets.xcassets */; };
		A7999BA12822B69D00B6BCDB /* pokedexTests.swift in Sources */ = {isa = PBXBuildFile; fileRef = A7999BA02822B69D00B6BCDB /* pokedexTests.swift */; };
		A7999BAB2822B69D00B6BCDB /* pokedexUITests.swift in Sources */ = {isa = PBXBuildFile; fileRef = A7999BAA2822B69D00B6BCDB /* pokedexUITests.swift */; };
		A7999BAD2822B69D00B6BCDB /* pokedexUITestsLaunchTests.swift in Sources */ = {isa = PBXBuildFile; fileRef = A7999BAC2822B69D00B6BCDB /* pokedexUITestsLaunchTests.swift */; };
		A7999BBB2822B9D800B6BCDB /* APIManager.swift in Sources */ = {isa = PBXBuildFile; fileRef = A7999BBA2822B9D800B6BCDB /* APIManager.swift */; };
		A7999BBE2822BA1900B6BCDB /* HTTPError.swift in Sources */ = {isa = PBXBuildFile; fileRef = A7999BBD2822BA1900B6BCDB /* HTTPError.swift */; };
		A7999BC02822BA4B00B6BCDB /* Constants.swift in Sources */ = {isa = PBXBuildFile; fileRef = A7999BBF2822BA4B00B6BCDB /* Constants.swift */; };
		A7999BC32822C3CA00B6BCDB /* Pokemon.swift in Sources */ = {isa = PBXBuildFile; fileRef = A7999BC22822C3CA00B6BCDB /* Pokemon.swift */; };
		A7999BC82822C55400B6BCDB /* ServerBaseResponse.swift in Sources */ = {isa = PBXBuildFile; fileRef = A7999BC72822C55400B6BCDB /* ServerBaseResponse.swift */; };
		A7999BCA2822C5E100B6BCDB /* ServerPokemonResponse.swift in Sources */ = {isa = PBXBuildFile; fileRef = A7999BC92822C5E100B6BCDB /* ServerPokemonResponse.swift */; };
		A7999BCF2822C86300B6BCDB /* GetPokemonUseCase.swift in Sources */ = {isa = PBXBuildFile; fileRef = A7999BCE2822C86300B6BCDB /* GetPokemonUseCase.swift */; };
		A7999BD22822C8D800B6BCDB /* PokemonDataSource.swift in Sources */ = {isa = PBXBuildFile; fileRef = A7999BD12822C8D800B6BCDB /* PokemonDataSource.swift */; };
		A7999BD42822C9BE00B6BCDB /* PokemonRepository.swift in Sources */ = {isa = PBXBuildFile; fileRef = A7999BD32822C9BE00B6BCDB /* PokemonRepository.swift */; };
		A7999BD62822CA0200B6BCDB /* PokemonRepositoryImplementation.swift in Sources */ = {isa = PBXBuildFile; fileRef = A7999BD52822CA0200B6BCDB /* PokemonRepositoryImplementation.swift */; };
		A7999BDC2822CBED00B6BCDB /* BackpackView.swift in Sources */ = {isa = PBXBuildFile; fileRef = A7999BDB2822CBED00B6BCDB /* BackpackView.swift */; };
		A7999BE22822CDD700B6BCDB /* RenderImage.swift in Sources */ = {isa = PBXBuildFile; fileRef = A7999BE12822CDD700B6BCDB /* RenderImage.swift */; };
		A7999BE52823E94E00B6BCDB /* EmptyBackpackView.swift in Sources */ = {isa = PBXBuildFile; fileRef = A7999BE42823E94E00B6BCDB /* EmptyBackpackView.swift */; };
		A7DD53532833E1FB0022E369 /* BackpackViewModel.swift in Sources */ = {isa = PBXBuildFile; fileRef = A7DD53522833E1FB0022E369 /* BackpackViewModel.swift */; };
		A7DD53572833EC750022E369 /* PokemonCardView.swift in Sources */ = {isa = PBXBuildFile; fileRef = A7DD53562833EC750022E369 /* PokemonCardView.swift */; };
		A7DD535A2833F2CC0022E369 /* String+CapitalizeFirstLetter.swift in Sources */ = {isa = PBXBuildFile; fileRef = A7DD53592833F2CC0022E369 /* String+CapitalizeFirstLetter.swift */; };
		A7DD535E2834DD760022E369 /* ButtonView.swift in Sources */ = {isa = PBXBuildFile; fileRef = A7DD535D2834DD760022E369 /* ButtonView.swift */; };
		A7DD536028350C280022E369 /* Sprite.swift in Sources */ = {isa = PBXBuildFile; fileRef = A7DD535F28350C280022E369 /* Sprite.swift */; };
		A7DD536228350D960022E369 /* ServerSpritesResponse.swift in Sources */ = {isa = PBXBuildFile; fileRef = A7DD536128350D960022E369 /* ServerSpritesResponse.swift */; };
		A7DD5366283513BB0022E369 /* Model.xcdatamodeld in Sources */ = {isa = PBXBuildFile; fileRef = A7DD5364283513BB0022E369 /* Model.xcdatamodeld */; };
		A7DD5369283513ED0022E369 /* DBPokemon.swift in Sources */ = {isa = PBXBuildFile; fileRef = A7DD5368283513ED0022E369 /* DBPokemon.swift */; };
		A7DD536C283516280022E369 /* DBSprite.swift in Sources */ = {isa = PBXBuildFile; fileRef = A7DD536B283516280022E369 /* DBSprite.swift */; };
		A7DD536E283517380022E369 /* Persistence.swift in Sources */ = {isa = PBXBuildFile; fileRef = A7DD536D283517370022E369 /* Persistence.swift */; };
		A7DD5370283517660022E369 /* CoreDataStack.swift in Sources */ = {isa = PBXBuildFile; fileRef = A7DD536F283517660022E369 /* CoreDataStack.swift */; };
		A7DD53722835179C0022E369 /* DBManager.swift in Sources */ = {isa = PBXBuildFile; fileRef = A7DD53712835179C0022E369 /* DBManager.swift */; };
		A7DD537428351AC40022E369 /* SavePokemonUseCase.swift in Sources */ = {isa = PBXBuildFile; fileRef = A7DD537328351AC40022E369 /* SavePokemonUseCase.swift */; };
		A7DD537728351BBC0022E369 /* PokemonLocalDataSource.swift in Sources */ = {isa = PBXBuildFile; fileRef = A7DD537628351BBC0022E369 /* PokemonLocalDataSource.swift */; };
		A7DD537D283531300022E369 /* ToolbarItems.swift in Sources */ = {isa = PBXBuildFile; fileRef = A7DD537C283531300022E369 /* ToolbarItems.swift */; };
		A7DD5382283537CF0022E369 /* HelpView.swift in Sources */ = {isa = PBXBuildFile; fileRef = A7DD5381283537CF0022E369 /* HelpView.swift */; };
		A7DD538528353EC50022E369 /* Tab.swift in Sources */ = {isa = PBXBuildFile; fileRef = A7DD538428353EC50022E369 /* Tab.swift */; };
		A7DD538728353EE50022E369 /* TabBar.swift in Sources */ = {isa = PBXBuildFile; fileRef = A7DD538628353EE50022E369 /* TabBar.swift */; };
		A7DD538B28354A350022E369 /* PokeworldView.swift in Sources */ = {isa = PBXBuildFile; fileRef = A7DD538A28354A350022E369 /* PokeworldView.swift */; };
		A7DD538D28354A4A0022E369 /* PokeworldViewModel.swift in Sources */ = {isa = PBXBuildFile; fileRef = A7DD538C28354A4A0022E369 /* PokeworldViewModel.swift */; };
		A7DD538F28367B850022E369 /* ExistPokemonUseCase.swift in Sources */ = {isa = PBXBuildFile; fileRef = A7DD538E28367B850022E369 /* ExistPokemonUseCase.swift */; };
		A7DD53922836807E0022E369 /* ToastView.swift in Sources */ = {isa = PBXBuildFile; fileRef = A7DD53912836807E0022E369 /* ToastView.swift */; };
		A7DD53942837B8430022E369 /* GetCatchedPokemonsUseCase.swift in Sources */ = {isa = PBXBuildFile; fileRef = A7DD53932837B8430022E369 /* GetCatchedPokemonsUseCase.swift */; };
		A7DD53982837E11A0022E369 /* CatchedPokemonCardView.swift in Sources */ = {isa = PBXBuildFile; fileRef = A7DD53972837E11A0022E369 /* CatchedPokemonCardView.swift */; };
		A7DD53AB283B83C10022E369 /* PokemonDetailView.swift in Sources */ = {isa = PBXBuildFile; fileRef = A7DD53AA283B83C10022E369 /* PokemonDetailView.swift */; };
		A7DD53B9283BB2FC0022E369 /* LabelView.swift in Sources */ = {isa = PBXBuildFile; fileRef = A7DD53B8283BB2FC0022E369 /* LabelView.swift */; };
		A7DD53C3283BE1A20022E369 /* PokeType.swift in Sources */ = {isa = PBXBuildFile; fileRef = A7DD53C2283BE1A20022E369 /* PokeType.swift */; };
		A7DD53C5283BE2890022E369 /* ServerTypesResponse.swift in Sources */ = {isa = PBXBuildFile; fileRef = A7DD53C4283BE2890022E369 /* ServerTypesResponse.swift */; };
		A7DD53C9283CCC9A0022E369 /* DBPokeType.swift in Sources */ = {isa = PBXBuildFile; fileRef = A7DD53C8283CCC990022E369 /* DBPokeType.swift */; };
		A7DD53CD283E39830022E369 /* ServerTypeResponse.swift in Sources */ = {isa = PBXBuildFile; fileRef = A7DD53CC283E39830022E369 /* ServerTypeResponse.swift */; };
		A7DD53CF283E7A2E0022E369 /* LabelViewWithImage.swift in Sources */ = {isa = PBXBuildFile; fileRef = A7DD53CE283E7A2E0022E369 /* LabelViewWithImage.swift */; };
/* End PBXBuildFile section */

/* Begin PBXContainerItemProxy section */
		A7999B9D2822B69D00B6BCDB /* PBXContainerItemProxy */ = {
			isa = PBXContainerItemProxy;
			containerPortal = A7999B842822B69B00B6BCDB /* Project object */;
			proxyType = 1;
			remoteGlobalIDString = A7999B8B2822B69B00B6BCDB;
			remoteInfo = pokedex;
		};
		A7999BA72822B69D00B6BCDB /* PBXContainerItemProxy */ = {
			isa = PBXContainerItemProxy;
			containerPortal = A7999B842822B69B00B6BCDB /* Project object */;
			proxyType = 1;
			remoteGlobalIDString = A7999B8B2822B69B00B6BCDB;
			remoteInfo = pokedex;
		};
/* End PBXContainerItemProxy section */

/* Begin PBXFileReference section */
		A7999B8C2822B69B00B6BCDB /* pokedex.app */ = {isa = PBXFileReference; explicitFileType = wrapper.application; includeInIndex = 0; path = pokedex.app; sourceTree = BUILT_PRODUCTS_DIR; };
		A7999B8F2822B69B00B6BCDB /* pokedexApp.swift */ = {isa = PBXFileReference; lastKnownFileType = sourcecode.swift; path = pokedexApp.swift; sourceTree = "<group>"; };
		A7999B932822B69D00B6BCDB /* Assets.xcassets */ = {isa = PBXFileReference; lastKnownFileType = folder.assetcatalog; path = Assets.xcassets; sourceTree = "<group>"; };
		A7999B962822B69D00B6BCDB /* Preview Assets.xcassets */ = {isa = PBXFileReference; lastKnownFileType = folder.assetcatalog; path = "Preview Assets.xcassets"; sourceTree = "<group>"; };
		A7999B9C2822B69D00B6BCDB /* pokedexTests.xctest */ = {isa = PBXFileReference; explicitFileType = wrapper.cfbundle; includeInIndex = 0; path = pokedexTests.xctest; sourceTree = BUILT_PRODUCTS_DIR; };
		A7999BA02822B69D00B6BCDB /* pokedexTests.swift */ = {isa = PBXFileReference; lastKnownFileType = sourcecode.swift; path = pokedexTests.swift; sourceTree = "<group>"; };
		A7999BA62822B69D00B6BCDB /* pokedexUITests.xctest */ = {isa = PBXFileReference; explicitFileType = wrapper.cfbundle; includeInIndex = 0; path = pokedexUITests.xctest; sourceTree = BUILT_PRODUCTS_DIR; };
		A7999BAA2822B69D00B6BCDB /* pokedexUITests.swift */ = {isa = PBXFileReference; lastKnownFileType = sourcecode.swift; path = pokedexUITests.swift; sourceTree = "<group>"; };
		A7999BAC2822B69D00B6BCDB /* pokedexUITestsLaunchTests.swift */ = {isa = PBXFileReference; lastKnownFileType = sourcecode.swift; path = pokedexUITestsLaunchTests.swift; sourceTree = "<group>"; };
		A7999BBA2822B9D800B6BCDB /* APIManager.swift */ = {isa = PBXFileReference; lastKnownFileType = sourcecode.swift; path = APIManager.swift; sourceTree = "<group>"; };
		A7999BBD2822BA1900B6BCDB /* HTTPError.swift */ = {isa = PBXFileReference; lastKnownFileType = sourcecode.swift; path = HTTPError.swift; sourceTree = "<group>"; };
		A7999BBF2822BA4B00B6BCDB /* Constants.swift */ = {isa = PBXFileReference; lastKnownFileType = sourcecode.swift; path = Constants.swift; sourceTree = "<group>"; };
		A7999BC22822C3CA00B6BCDB /* Pokemon.swift */ = {isa = PBXFileReference; lastKnownFileType = sourcecode.swift; path = Pokemon.swift; sourceTree = "<group>"; };
		A7999BC72822C55400B6BCDB /* ServerBaseResponse.swift */ = {isa = PBXFileReference; lastKnownFileType = sourcecode.swift; path = ServerBaseResponse.swift; sourceTree = "<group>"; };
		A7999BC92822C5E100B6BCDB /* ServerPokemonResponse.swift */ = {isa = PBXFileReference; lastKnownFileType = sourcecode.swift; path = ServerPokemonResponse.swift; sourceTree = "<group>"; };
		A7999BCE2822C86300B6BCDB /* GetPokemonUseCase.swift */ = {isa = PBXFileReference; lastKnownFileType = sourcecode.swift; path = GetPokemonUseCase.swift; sourceTree = "<group>"; };
		A7999BD12822C8D800B6BCDB /* PokemonDataSource.swift */ = {isa = PBXFileReference; lastKnownFileType = sourcecode.swift; path = PokemonDataSource.swift; sourceTree = "<group>"; };
		A7999BD32822C9BE00B6BCDB /* PokemonRepository.swift */ = {isa = PBXFileReference; lastKnownFileType = sourcecode.swift; path = PokemonRepository.swift; sourceTree = "<group>"; };
		A7999BD52822CA0200B6BCDB /* PokemonRepositoryImplementation.swift */ = {isa = PBXFileReference; lastKnownFileType = sourcecode.swift; path = PokemonRepositoryImplementation.swift; sourceTree = "<group>"; };
		A7999BDB2822CBED00B6BCDB /* BackpackView.swift */ = {isa = PBXFileReference; lastKnownFileType = sourcecode.swift; path = BackpackView.swift; sourceTree = "<group>"; };
		A7999BE12822CDD700B6BCDB /* RenderImage.swift */ = {isa = PBXFileReference; lastKnownFileType = sourcecode.swift; path = RenderImage.swift; sourceTree = "<group>"; };
		A7999BE42823E94E00B6BCDB /* EmptyBackpackView.swift */ = {isa = PBXFileReference; lastKnownFileType = sourcecode.swift; path = EmptyBackpackView.swift; sourceTree = "<group>"; };
		A7DD53522833E1FB0022E369 /* BackpackViewModel.swift */ = {isa = PBXFileReference; lastKnownFileType = sourcecode.swift; path = BackpackViewModel.swift; sourceTree = "<group>"; };
		A7DD53562833EC750022E369 /* PokemonCardView.swift */ = {isa = PBXFileReference; lastKnownFileType = sourcecode.swift; path = PokemonCardView.swift; sourceTree = "<group>"; };
		A7DD53592833F2CC0022E369 /* String+CapitalizeFirstLetter.swift */ = {isa = PBXFileReference; lastKnownFileType = sourcecode.swift; path = "String+CapitalizeFirstLetter.swift"; sourceTree = "<group>"; };
		A7DD535D2834DD760022E369 /* ButtonView.swift */ = {isa = PBXFileReference; lastKnownFileType = sourcecode.swift; path = ButtonView.swift; sourceTree = "<group>"; };
		A7DD535F28350C280022E369 /* Sprite.swift */ = {isa = PBXFileReference; lastKnownFileType = sourcecode.swift; path = Sprite.swift; sourceTree = "<group>"; };
		A7DD536128350D960022E369 /* ServerSpritesResponse.swift */ = {isa = PBXFileReference; lastKnownFileType = sourcecode.swift; path = ServerSpritesResponse.swift; sourceTree = "<group>"; };
		A7DD5365283513BB0022E369 /* Model.xcdatamodel */ = {isa = PBXFileReference; lastKnownFileType = wrapper.xcdatamodel; path = Model.xcdatamodel; sourceTree = "<group>"; };
		A7DD5368283513ED0022E369 /* DBPokemon.swift */ = {isa = PBXFileReference; lastKnownFileType = sourcecode.swift; path = DBPokemon.swift; sourceTree = "<group>"; };
		A7DD536B283516280022E369 /* DBSprite.swift */ = {isa = PBXFileReference; lastKnownFileType = sourcecode.swift; path = DBSprite.swift; sourceTree = "<group>"; };
		A7DD536D283517370022E369 /* Persistence.swift */ = {isa = PBXFileReference; lastKnownFileType = sourcecode.swift; path = Persistence.swift; sourceTree = "<group>"; };
		A7DD536F283517660022E369 /* CoreDataStack.swift */ = {isa = PBXFileReference; lastKnownFileType = sourcecode.swift; path = CoreDataStack.swift; sourceTree = "<group>"; };
		A7DD53712835179C0022E369 /* DBManager.swift */ = {isa = PBXFileReference; lastKnownFileType = sourcecode.swift; path = DBManager.swift; sourceTree = "<group>"; };
		A7DD537328351AC40022E369 /* SavePokemonUseCase.swift */ = {isa = PBXFileReference; lastKnownFileType = sourcecode.swift; path = SavePokemonUseCase.swift; sourceTree = "<group>"; };
		A7DD537628351BBC0022E369 /* PokemonLocalDataSource.swift */ = {isa = PBXFileReference; lastKnownFileType = sourcecode.swift; path = PokemonLocalDataSource.swift; sourceTree = "<group>"; };
		A7DD537C283531300022E369 /* ToolbarItems.swift */ = {isa = PBXFileReference; lastKnownFileType = sourcecode.swift; path = ToolbarItems.swift; sourceTree = "<group>"; };
		A7DD5381283537CF0022E369 /* HelpView.swift */ = {isa = PBXFileReference; lastKnownFileType = sourcecode.swift; path = HelpView.swift; sourceTree = "<group>"; };
		A7DD538428353EC50022E369 /* Tab.swift */ = {isa = PBXFileReference; lastKnownFileType = sourcecode.swift; path = Tab.swift; sourceTree = "<group>"; };
		A7DD538628353EE50022E369 /* TabBar.swift */ = {isa = PBXFileReference; lastKnownFileType = sourcecode.swift; path = TabBar.swift; sourceTree = "<group>"; };
		A7DD538A28354A350022E369 /* PokeworldView.swift */ = {isa = PBXFileReference; lastKnownFileType = sourcecode.swift; path = PokeworldView.swift; sourceTree = "<group>"; };
		A7DD538C28354A4A0022E369 /* PokeworldViewModel.swift */ = {isa = PBXFileReference; lastKnownFileType = sourcecode.swift; path = PokeworldViewModel.swift; sourceTree = "<group>"; };
		A7DD538E28367B850022E369 /* ExistPokemonUseCase.swift */ = {isa = PBXFileReference; lastKnownFileType = sourcecode.swift; path = ExistPokemonUseCase.swift; sourceTree = "<group>"; };
		A7DD53912836807E0022E369 /* ToastView.swift */ = {isa = PBXFileReference; lastKnownFileType = sourcecode.swift; path = ToastView.swift; sourceTree = "<group>"; };
		A7DD53932837B8430022E369 /* GetCatchedPokemonsUseCase.swift */ = {isa = PBXFileReference; lastKnownFileType = sourcecode.swift; path = GetCatchedPokemonsUseCase.swift; sourceTree = "<group>"; };
		A7DD53972837E11A0022E369 /* CatchedPokemonCardView.swift */ = {isa = PBXFileReference; lastKnownFileType = sourcecode.swift; path = CatchedPokemonCardView.swift; sourceTree = "<group>"; };
		A7DD53AA283B83C10022E369 /* PokemonDetailView.swift */ = {isa = PBXFileReference; lastKnownFileType = sourcecode.swift; path = PokemonDetailView.swift; sourceTree = "<group>"; };
		A7DD53B8283BB2FC0022E369 /* LabelView.swift */ = {isa = PBXFileReference; lastKnownFileType = sourcecode.swift; path = LabelView.swift; sourceTree = "<group>"; };
		A7DD53C2283BE1A20022E369 /* PokeType.swift */ = {isa = PBXFileReference; lastKnownFileType = sourcecode.swift; path = PokeType.swift; sourceTree = "<group>"; };
		A7DD53C4283BE2890022E369 /* ServerTypesResponse.swift */ = {isa = PBXFileReference; lastKnownFileType = sourcecode.swift; path = ServerTypesResponse.swift; sourceTree = "<group>"; };
		A7DD53C8283CCC990022E369 /* DBPokeType.swift */ = {isa = PBXFileReference; lastKnownFileType = sourcecode.swift; path = DBPokeType.swift; sourceTree = "<group>"; };
		A7DD53CC283E39830022E369 /* ServerTypeResponse.swift */ = {isa = PBXFileReference; lastKnownFileType = sourcecode.swift; path = ServerTypeResponse.swift; sourceTree = "<group>"; };
		A7DD53CE283E7A2E0022E369 /* LabelViewWithImage.swift */ = {isa = PBXFileReference; lastKnownFileType = sourcecode.swift; path = LabelViewWithImage.swift; sourceTree = "<group>"; };
/* End PBXFileReference section */

/* Begin PBXFrameworksBuildPhase section */
		A7999B892822B69B00B6BCDB /* Frameworks */ = {
			isa = PBXFrameworksBuildPhase;
			buildActionMask = 2147483647;
			files = (
			);
			runOnlyForDeploymentPostprocessing = 0;
		};
		A7999B992822B69D00B6BCDB /* Frameworks */ = {
			isa = PBXFrameworksBuildPhase;
			buildActionMask = 2147483647;
			files = (
			);
			runOnlyForDeploymentPostprocessing = 0;
		};
		A7999BA32822B69D00B6BCDB /* Frameworks */ = {
			isa = PBXFrameworksBuildPhase;
			buildActionMask = 2147483647;
			files = (
			);
			runOnlyForDeploymentPostprocessing = 0;
		};
/* End PBXFrameworksBuildPhase section */

/* Begin PBXGroup section */
		A7999B832822B69B00B6BCDB = {
			isa = PBXGroup;
			children = (
				A7999B8E2822B69B00B6BCDB /* pokedex */,
				A7999B9F2822B69D00B6BCDB /* pokedexTests */,
				A7999BA92822B69D00B6BCDB /* pokedexUITests */,
				A7999B8D2822B69B00B6BCDB /* Products */,
			);
			sourceTree = "<group>";
		};
		A7999B8D2822B69B00B6BCDB /* Products */ = {
			isa = PBXGroup;
			children = (
				A7999B8C2822B69B00B6BCDB /* pokedex.app */,
				A7999B9C2822B69D00B6BCDB /* pokedexTests.xctest */,
				A7999BA62822B69D00B6BCDB /* pokedexUITests.xctest */,
			);
			name = Products;
			sourceTree = "<group>";
		};
		A7999B8E2822B69B00B6BCDB /* pokedex */ = {
			isa = PBXGroup;
			children = (
				A7DD5363283513A50022E369 /* DataBase */,
				A7DD53582833F2BA0022E369 /* Extensions */,
				A7999BDD2822CDAF00B6BCDB /* Views */,
				A7999BD72822CBA400B6BCDB /* Scenes */,
				A7999BD02822C8C300B6BCDB /* Repositories */,
				A7999BCD2822C7E900B6BCDB /* UseCase */,
				A7999BC12822C3B500B6BCDB /* Entities */,
				A7999BBC2822BA0300B6BCDB /* Enumerations */,
				A7999BB92822B9C200B6BCDB /* API */,
				A7999B8F2822B69B00B6BCDB /* pokedexApp.swift */,
				A7999B932822B69D00B6BCDB /* Assets.xcassets */,
				A7999B952822B69D00B6BCDB /* Preview Content */,
				A7999BBF2822BA4B00B6BCDB /* Constants.swift */,
			);
			path = pokedex;
			sourceTree = "<group>";
		};
		A7999B952822B69D00B6BCDB /* Preview Content */ = {
			isa = PBXGroup;
			children = (
				A7999B962822B69D00B6BCDB /* Preview Assets.xcassets */,
			);
			path = "Preview Content";
			sourceTree = "<group>";
		};
		A7999B9F2822B69D00B6BCDB /* pokedexTests */ = {
			isa = PBXGroup;
			children = (
				A7999BA02822B69D00B6BCDB /* pokedexTests.swift */,
			);
			path = pokedexTests;
			sourceTree = "<group>";
		};
		A7999BA92822B69D00B6BCDB /* pokedexUITests */ = {
			isa = PBXGroup;
			children = (
				A7999BAA2822B69D00B6BCDB /* pokedexUITests.swift */,
				A7999BAC2822B69D00B6BCDB /* pokedexUITestsLaunchTests.swift */,
			);
			path = pokedexUITests;
			sourceTree = "<group>";
		};
		A7999BB92822B9C200B6BCDB /* API */ = {
			isa = PBXGroup;
			children = (
				A7999BBA2822B9D800B6BCDB /* APIManager.swift */,
			);
			path = API;
			sourceTree = "<group>";
		};
		A7999BBC2822BA0300B6BCDB /* Enumerations */ = {
			isa = PBXGroup;
			children = (
				A7999BBD2822BA1900B6BCDB /* HTTPError.swift */,
			);
			path = Enumerations;
			sourceTree = "<group>";
		};
		A7999BC12822C3B500B6BCDB /* Entities */ = {
			isa = PBXGroup;
			children = (
				A7DD5367283513CB0022E369 /* DBEntities */,
				A7999BC62822C51300B6BCDB /* ServerEntities */,
				A7999BC42822C4EA00B6BCDB /* Entities */,
			);
			path = Entities;
			sourceTree = "<group>";
		};
		A7999BC42822C4EA00B6BCDB /* Entities */ = {
			isa = PBXGroup;
			children = (
				A7999BC22822C3CA00B6BCDB /* Pokemon.swift */,
				A7DD535F28350C280022E369 /* Sprite.swift */,
				A7DD53C2283BE1A20022E369 /* PokeType.swift */,
			);
			path = Entities;
			sourceTree = "<group>";
		};
		A7999BC62822C51300B6BCDB /* ServerEntities */ = {
			isa = PBXGroup;
			children = (
				A7999BC72822C55400B6BCDB /* ServerBaseResponse.swift */,
				A7999BC92822C5E100B6BCDB /* ServerPokemonResponse.swift */,
				A7DD536128350D960022E369 /* ServerSpritesResponse.swift */,
				A7DD53C4283BE2890022E369 /* ServerTypesResponse.swift */,
				A7DD53CC283E39830022E369 /* ServerTypeResponse.swift */,
			);
			path = ServerEntities;
			sourceTree = "<group>";
		};
		A7999BCD2822C7E900B6BCDB /* UseCase */ = {
			isa = PBXGroup;
			children = (
				A7999BCE2822C86300B6BCDB /* GetPokemonUseCase.swift */,
				A7DD537328351AC40022E369 /* SavePokemonUseCase.swift */,
				A7DD538E28367B850022E369 /* ExistPokemonUseCase.swift */,
				A7DD53932837B8430022E369 /* GetCatchedPokemonsUseCase.swift */,
			);
			path = UseCase;
			sourceTree = "<group>";
		};
		A7999BD02822C8C300B6BCDB /* Repositories */ = {
			isa = PBXGroup;
			children = (
				A7999BD12822C8D800B6BCDB /* PokemonDataSource.swift */,
				A7999BD32822C9BE00B6BCDB /* PokemonRepository.swift */,
				A7999BD52822CA0200B6BCDB /* PokemonRepositoryImplementation.swift */,
				A7DD537628351BBC0022E369 /* PokemonLocalDataSource.swift */,
			);
			path = Repositories;
			sourceTree = "<group>";
		};
		A7999BD72822CBA400B6BCDB /* Scenes */ = {
			isa = PBXGroup;
			children = (
				A7DD53A9283B83A00022E369 /* PokemonDetailView */,
				A7DD538928354A1A0022E369 /* PokeworldView */,
				A7DD538328353E960022E369 /* TabBar */,
				A7DD5380283537B60022E369 /* HelpView */,
				A7DD537F2835326E0022E369 /* ToolbarItems */,
				A7DD53552833EC690022E369 /* CardViews */,
				A7999BD82822CBB000B6BCDB /* BackpackView */,
			);
			path = Scenes;
			sourceTree = "<group>";
		};
		A7999BD82822CBB000B6BCDB /* BackpackView */ = {
			isa = PBXGroup;
			children = (
				A7999BE32823E92C00B6BCDB /* EmptyBackpack */,
				A7999BDB2822CBED00B6BCDB /* BackpackView.swift */,
				A7DD53522833E1FB0022E369 /* BackpackViewModel.swift */,
			);
			path = BackpackView;
			sourceTree = "<group>";
		};
		A7999BDD2822CDAF00B6BCDB /* Views */ = {
			isa = PBXGroup;
			children = (
				A7DD53B7283BB2C80022E369 /* LabelView */,
				A7DD5390283680700022E369 /* ToastView */,
				A7DD535B2834DD590022E369 /* Buttons */,
				A7999BE02822CDC800B6BCDB /* RenderImage */,
			);
			path = Views;
			sourceTree = "<group>";
		};
		A7999BE02822CDC800B6BCDB /* RenderImage */ = {
			isa = PBXGroup;
			children = (
				A7999BE12822CDD700B6BCDB /* RenderImage.swift */,
			);
			path = RenderImage;
			sourceTree = "<group>";
		};
		A7999BE32823E92C00B6BCDB /* EmptyBackpack */ = {
			isa = PBXGroup;
			children = (
				A7999BE42823E94E00B6BCDB /* EmptyBackpackView.swift */,
			);
			path = EmptyBackpack;
			sourceTree = "<group>";
		};
		A7DD53552833EC690022E369 /* CardViews */ = {
			isa = PBXGroup;
			children = (
				A7DD53562833EC750022E369 /* PokemonCardView.swift */,
				A7DD53972837E11A0022E369 /* CatchedPokemonCardView.swift */,
			);
			path = CardViews;
			sourceTree = "<group>";
		};
		A7DD53582833F2BA0022E369 /* Extensions */ = {
			isa = PBXGroup;
			children = (
				A7DD53592833F2CC0022E369 /* String+CapitalizeFirstLetter.swift */,
			);
			path = Extensions;
			sourceTree = "<group>";
		};
		A7DD535B2834DD590022E369 /* Buttons */ = {
			isa = PBXGroup;
			children = (
				A7DD535D2834DD760022E369 /* ButtonView.swift */,
			);
			path = Buttons;
			sourceTree = "<group>";
		};
		A7DD5363283513A50022E369 /* DataBase */ = {
			isa = PBXGroup;
			children = (
				A7DD5364283513BB0022E369 /* Model.xcdatamodeld */,
				A7DD536D283517370022E369 /* Persistence.swift */,
				A7DD536F283517660022E369 /* CoreDataStack.swift */,
				A7DD53712835179C0022E369 /* DBManager.swift */,
			);
			path = DataBase;
			sourceTree = "<group>";
		};
		A7DD5367283513CB0022E369 /* DBEntities */ = {
			isa = PBXGroup;
			children = (
				A7DD5368283513ED0022E369 /* DBPokemon.swift */,
				A7DD536B283516280022E369 /* DBSprite.swift */,
				A7DD53C8283CCC990022E369 /* DBPokeType.swift */,
			);
			path = DBEntities;
			sourceTree = "<group>";
		};
		A7DD537F2835326E0022E369 /* ToolbarItems */ = {
			isa = PBXGroup;
			children = (
				A7DD537C283531300022E369 /* ToolbarItems.swift */,
			);
			path = ToolbarItems;
			sourceTree = "<group>";
		};
		A7DD5380283537B60022E369 /* HelpView */ = {
			isa = PBXGroup;
			children = (
				A7DD5381283537CF0022E369 /* HelpView.swift */,
			);
			path = HelpView;
			sourceTree = "<group>";
		};
		A7DD538328353E960022E369 /* TabBar */ = {
			isa = PBXGroup;
			children = (
				A7DD538428353EC50022E369 /* Tab.swift */,
				A7DD538628353EE50022E369 /* TabBar.swift */,
			);
			path = TabBar;
			sourceTree = "<group>";
		};
		A7DD538928354A1A0022E369 /* PokeworldView */ = {
			isa = PBXGroup;
			children = (
				A7DD538A28354A350022E369 /* PokeworldView.swift */,
				A7DD538C28354A4A0022E369 /* PokeworldViewModel.swift */,
			);
			path = PokeworldView;
			sourceTree = "<group>";
		};
		A7DD5390283680700022E369 /* ToastView */ = {
			isa = PBXGroup;
			children = (
				A7DD53912836807E0022E369 /* ToastView.swift */,
			);
			path = ToastView;
			sourceTree = "<group>";
		};
		A7DD53A9283B83A00022E369 /* PokemonDetailView */ = {
			isa = PBXGroup;
			children = (
				A7DD53AA283B83C10022E369 /* PokemonDetailView.swift */,
			);
			path = PokemonDetailView;
			sourceTree = "<group>";
		};
		A7DD53B7283BB2C80022E369 /* LabelView */ = {
			isa = PBXGroup;
			children = (
				A7DD53B8283BB2FC0022E369 /* LabelView.swift */,
				A7DD53CE283E7A2E0022E369 /* LabelViewWithImage.swift */,
			);
			path = LabelView;
			sourceTree = "<group>";
		};
/* End PBXGroup section */

/* Begin PBXNativeTarget section */
		A7999B8B2822B69B00B6BCDB /* pokedex */ = {
			isa = PBXNativeTarget;
			buildConfigurationList = A7999BB02822B69D00B6BCDB /* Build configuration list for PBXNativeTarget "pokedex" */;
			buildPhases = (
				A7999B882822B69B00B6BCDB /* Sources */,
				A7999B892822B69B00B6BCDB /* Frameworks */,
				A7999B8A2822B69B00B6BCDB /* Resources */,
			);
			buildRules = (
			);
			dependencies = (
			);
			name = pokedex;
			productName = pokedex;
			productReference = A7999B8C2822B69B00B6BCDB /* pokedex.app */;
			productType = "com.apple.product-type.application";
		};
		A7999B9B2822B69D00B6BCDB /* pokedexTests */ = {
			isa = PBXNativeTarget;
			buildConfigurationList = A7999BB32822B69D00B6BCDB /* Build configuration list for PBXNativeTarget "pokedexTests" */;
			buildPhases = (
				A7999B982822B69D00B6BCDB /* Sources */,
				A7999B992822B69D00B6BCDB /* Frameworks */,
				A7999B9A2822B69D00B6BCDB /* Resources */,
			);
			buildRules = (
			);
			dependencies = (
				A7999B9E2822B69D00B6BCDB /* PBXTargetDependency */,
			);
			name = pokedexTests;
			productName = pokedexTests;
			productReference = A7999B9C2822B69D00B6BCDB /* pokedexTests.xctest */;
			productType = "com.apple.product-type.bundle.unit-test";
		};
		A7999BA52822B69D00B6BCDB /* pokedexUITests */ = {
			isa = PBXNativeTarget;
			buildConfigurationList = A7999BB62822B69D00B6BCDB /* Build configuration list for PBXNativeTarget "pokedexUITests" */;
			buildPhases = (
				A7999BA22822B69D00B6BCDB /* Sources */,
				A7999BA32822B69D00B6BCDB /* Frameworks */,
				A7999BA42822B69D00B6BCDB /* Resources */,
			);
			buildRules = (
			);
			dependencies = (
				A7999BA82822B69D00B6BCDB /* PBXTargetDependency */,
			);
			name = pokedexUITests;
			productName = pokedexUITests;
			productReference = A7999BA62822B69D00B6BCDB /* pokedexUITests.xctest */;
			productType = "com.apple.product-type.bundle.ui-testing";
		};
/* End PBXNativeTarget section */

/* Begin PBXProject section */
		A7999B842822B69B00B6BCDB /* Project object */ = {
			isa = PBXProject;
			attributes = {
				BuildIndependentTargetsInParallel = 1;
				LastSwiftUpdateCheck = 1300;
				LastUpgradeCheck = 1300;
				TargetAttributes = {
					A7999B8B2822B69B00B6BCDB = {
						CreatedOnToolsVersion = 13.0;
					};
					A7999B9B2822B69D00B6BCDB = {
						CreatedOnToolsVersion = 13.0;
						TestTargetID = A7999B8B2822B69B00B6BCDB;
					};
					A7999BA52822B69D00B6BCDB = {
						CreatedOnToolsVersion = 13.0;
						TestTargetID = A7999B8B2822B69B00B6BCDB;
					};
				};
			};
			buildConfigurationList = A7999B872822B69B00B6BCDB /* Build configuration list for PBXProject "pokedex" */;
			compatibilityVersion = "Xcode 13.0";
			developmentRegion = en;
			hasScannedForEncodings = 0;
			knownRegions = (
				en,
				Base,
			);
			mainGroup = A7999B832822B69B00B6BCDB;
			productRefGroup = A7999B8D2822B69B00B6BCDB /* Products */;
			projectDirPath = "";
			projectRoot = "";
			targets = (
				A7999B8B2822B69B00B6BCDB /* pokedex */,
				A7999B9B2822B69D00B6BCDB /* pokedexTests */,
				A7999BA52822B69D00B6BCDB /* pokedexUITests */,
			);
		};
/* End PBXProject section */

/* Begin PBXResourcesBuildPhase section */
		A7999B8A2822B69B00B6BCDB /* Resources */ = {
			isa = PBXResourcesBuildPhase;
			buildActionMask = 2147483647;
			files = (
				A7999B972822B69D00B6BCDB /* Preview Assets.xcassets in Resources */,
				A7999B942822B69D00B6BCDB /* Assets.xcassets in Resources */,
			);
			runOnlyForDeploymentPostprocessing = 0;
		};
		A7999B9A2822B69D00B6BCDB /* Resources */ = {
			isa = PBXResourcesBuildPhase;
			buildActionMask = 2147483647;
			files = (
			);
			runOnlyForDeploymentPostprocessing = 0;
		};
		A7999BA42822B69D00B6BCDB /* Resources */ = {
			isa = PBXResourcesBuildPhase;
			buildActionMask = 2147483647;
			files = (
			);
			runOnlyForDeploymentPostprocessing = 0;
		};
/* End PBXResourcesBuildPhase section */

/* Begin PBXSourcesBuildPhase section */
		A7999B882822B69B00B6BCDB /* Sources */ = {
			isa = PBXSourcesBuildPhase;
			buildActionMask = 2147483647;
			files = (
				A7999BC02822BA4B00B6BCDB /* Constants.swift in Sources */,
				A7999BBE2822BA1900B6BCDB /* HTTPError.swift in Sources */,
				A7999BBB2822B9D800B6BCDB /* APIManager.swift in Sources */,
				A7DD53722835179C0022E369 /* DBManager.swift in Sources */,
				A7999BC82822C55400B6BCDB /* ServerBaseResponse.swift in Sources */,
				A7999BE22822CDD700B6BCDB /* RenderImage.swift in Sources */,
				A7DD53C9283CCC9A0022E369 /* DBPokeType.swift in Sources */,
				A7DD535A2833F2CC0022E369 /* String+CapitalizeFirstLetter.swift in Sources */,
				A7DD538528353EC50022E369 /* Tab.swift in Sources */,
				A7999BCA2822C5E100B6BCDB /* ServerPokemonResponse.swift in Sources */,
				A7999BE52823E94E00B6BCDB /* EmptyBackpackView.swift in Sources */,
				A7DD53C5283BE2890022E369 /* ServerTypesResponse.swift in Sources */,
				A7DD535E2834DD760022E369 /* ButtonView.swift in Sources */,
				A7DD536E283517380022E369 /* Persistence.swift in Sources */,
				A7DD5369283513ED0022E369 /* DBPokemon.swift in Sources */,
				A7DD536028350C280022E369 /* Sprite.swift in Sources */,
				A7DD5382283537CF0022E369 /* HelpView.swift in Sources */,
				A7999BD22822C8D800B6BCDB /* PokemonDataSource.swift in Sources */,
				A7DD53C3283BE1A20022E369 /* PokeType.swift in Sources */,
				A7DD53922836807E0022E369 /* ToastView.swift in Sources */,
				A7999BD62822CA0200B6BCDB /* PokemonRepositoryImplementation.swift in Sources */,
				A7999B902822B69B00B6BCDB /* pokedexApp.swift in Sources */,
				A7DD53982837E11A0022E369 /* CatchedPokemonCardView.swift in Sources */,
				A7DD537428351AC40022E369 /* SavePokemonUseCase.swift in Sources */,
				A7DD538728353EE50022E369 /* TabBar.swift in Sources */,
				A7999BDC2822CBED00B6BCDB /* BackpackView.swift in Sources */,
				A7DD53CF283E7A2E0022E369 /* LabelViewWithImage.swift in Sources */,
				A7DD53942837B8430022E369 /* GetCatchedPokemonsUseCase.swift in Sources */,
				A7DD536228350D960022E369 /* ServerSpritesResponse.swift in Sources */,
				A7DD536C283516280022E369 /* DBSprite.swift in Sources */,
				A7DD53AB283B83C10022E369 /* PokemonDetailView.swift in Sources */,
				A7999BD42822C9BE00B6BCDB /* PokemonRepository.swift in Sources */,
				A7999BC32822C3CA00B6BCDB /* Pokemon.swift in Sources */,
				A7DD53B9283BB2FC0022E369 /* LabelView.swift in Sources */,
				A7DD5370283517660022E369 /* CoreDataStack.swift in Sources */,
				A7DD5366283513BB0022E369 /* Model.xcdatamodeld in Sources */,
				A7999BCF2822C86300B6BCDB /* GetPokemonUseCase.swift in Sources */,
				A7DD538B28354A350022E369 /* PokeworldView.swift in Sources */,
				A7DD53532833E1FB0022E369 /* BackpackViewModel.swift in Sources */,
				A7DD538D28354A4A0022E369 /* PokeworldViewModel.swift in Sources */,
				A7DD537D283531300022E369 /* ToolbarItems.swift in Sources */,
				A7DD538F28367B850022E369 /* ExistPokemonUseCase.swift in Sources */,
				A7DD537728351BBC0022E369 /* PokemonLocalDataSource.swift in Sources */,
				A7DD53572833EC750022E369 /* PokemonCardView.swift in Sources */,
				A7DD53CD283E39830022E369 /* ServerTypeResponse.swift in Sources */,
			);
			runOnlyForDeploymentPostprocessing = 0;
		};
		A7999B982822B69D00B6BCDB /* Sources */ = {
			isa = PBXSourcesBuildPhase;
			buildActionMask = 2147483647;
			files = (
				A7999BA12822B69D00B6BCDB /* pokedexTests.swift in Sources */,
			);
			runOnlyForDeploymentPostprocessing = 0;
		};
		A7999BA22822B69D00B6BCDB /* Sources */ = {
			isa = PBXSourcesBuildPhase;
			buildActionMask = 2147483647;
			files = (
				A7999BAB2822B69D00B6BCDB /* pokedexUITests.swift in Sources */,
				A7999BAD2822B69D00B6BCDB /* pokedexUITestsLaunchTests.swift in Sources */,
			);
			runOnlyForDeploymentPostprocessing = 0;
		};
/* End PBXSourcesBuildPhase section */

/* Begin PBXTargetDependency section */
		A7999B9E2822B69D00B6BCDB /* PBXTargetDependency */ = {
			isa = PBXTargetDependency;
			target = A7999B8B2822B69B00B6BCDB /* pokedex */;
			targetProxy = A7999B9D2822B69D00B6BCDB /* PBXContainerItemProxy */;
		};
		A7999BA82822B69D00B6BCDB /* PBXTargetDependency */ = {
			isa = PBXTargetDependency;
			target = A7999B8B2822B69B00B6BCDB /* pokedex */;
			targetProxy = A7999BA72822B69D00B6BCDB /* PBXContainerItemProxy */;
		};
/* End PBXTargetDependency section */

/* Begin XCBuildConfiguration section */
		A7999BAE2822B69D00B6BCDB /* Debug */ = {
			isa = XCBuildConfiguration;
			buildSettings = {
				ALWAYS_SEARCH_USER_PATHS = NO;
				CLANG_ANALYZER_NONNULL = YES;
				CLANG_ANALYZER_NUMBER_OBJECT_CONVERSION = YES_AGGRESSIVE;
				CLANG_CXX_LANGUAGE_STANDARD = "gnu++17";
				CLANG_CXX_LIBRARY = "libc++";
				CLANG_ENABLE_MODULES = YES;
				CLANG_ENABLE_OBJC_ARC = YES;
				CLANG_ENABLE_OBJC_WEAK = YES;
				CLANG_WARN_BLOCK_CAPTURE_AUTORELEASING = YES;
				CLANG_WARN_BOOL_CONVERSION = YES;
				CLANG_WARN_COMMA = YES;
				CLANG_WARN_CONSTANT_CONVERSION = YES;
				CLANG_WARN_DEPRECATED_OBJC_IMPLEMENTATIONS = YES;
				CLANG_WARN_DIRECT_OBJC_ISA_USAGE = YES_ERROR;
				CLANG_WARN_DOCUMENTATION_COMMENTS = YES;
				CLANG_WARN_EMPTY_BODY = YES;
				CLANG_WARN_ENUM_CONVERSION = YES;
				CLANG_WARN_INFINITE_RECURSION = YES;
				CLANG_WARN_INT_CONVERSION = YES;
				CLANG_WARN_NON_LITERAL_NULL_CONVERSION = YES;
				CLANG_WARN_OBJC_IMPLICIT_RETAIN_SELF = YES;
				CLANG_WARN_OBJC_LITERAL_CONVERSION = YES;
				CLANG_WARN_OBJC_ROOT_CLASS = YES_ERROR;
				CLANG_WARN_QUOTED_INCLUDE_IN_FRAMEWORK_HEADER = YES;
				CLANG_WARN_RANGE_LOOP_ANALYSIS = YES;
				CLANG_WARN_STRICT_PROTOTYPES = YES;
				CLANG_WARN_SUSPICIOUS_MOVE = YES;
				CLANG_WARN_UNGUARDED_AVAILABILITY = YES_AGGRESSIVE;
				CLANG_WARN_UNREACHABLE_CODE = YES;
				CLANG_WARN__DUPLICATE_METHOD_MATCH = YES;
				COPY_PHASE_STRIP = NO;
				DEBUG_INFORMATION_FORMAT = dwarf;
				ENABLE_STRICT_OBJC_MSGSEND = YES;
				ENABLE_TESTABILITY = YES;
				GCC_C_LANGUAGE_STANDARD = gnu11;
				GCC_DYNAMIC_NO_PIC = NO;
				GCC_NO_COMMON_BLOCKS = YES;
				GCC_OPTIMIZATION_LEVEL = 0;
				GCC_PREPROCESSOR_DEFINITIONS = (
					"DEBUG=1",
					"$(inherited)",
				);
				GCC_WARN_64_TO_32_BIT_CONVERSION = YES;
				GCC_WARN_ABOUT_RETURN_TYPE = YES_ERROR;
				GCC_WARN_UNDECLARED_SELECTOR = YES;
				GCC_WARN_UNINITIALIZED_AUTOS = YES_AGGRESSIVE;
				GCC_WARN_UNUSED_FUNCTION = YES;
				GCC_WARN_UNUSED_VARIABLE = YES;
				IPHONEOS_DEPLOYMENT_TARGET = 15.0;
				MTL_ENABLE_DEBUG_INFO = INCLUDE_SOURCE;
				MTL_FAST_MATH = YES;
				ONLY_ACTIVE_ARCH = YES;
				SDKROOT = iphoneos;
				SWIFT_ACTIVE_COMPILATION_CONDITIONS = DEBUG;
				SWIFT_OPTIMIZATION_LEVEL = "-Onone";
			};
			name = Debug;
		};
		A7999BAF2822B69D00B6BCDB /* Release */ = {
			isa = XCBuildConfiguration;
			buildSettings = {
				ALWAYS_SEARCH_USER_PATHS = NO;
				CLANG_ANALYZER_NONNULL = YES;
				CLANG_ANALYZER_NUMBER_OBJECT_CONVERSION = YES_AGGRESSIVE;
				CLANG_CXX_LANGUAGE_STANDARD = "gnu++17";
				CLANG_CXX_LIBRARY = "libc++";
				CLANG_ENABLE_MODULES = YES;
				CLANG_ENABLE_OBJC_ARC = YES;
				CLANG_ENABLE_OBJC_WEAK = YES;
				CLANG_WARN_BLOCK_CAPTURE_AUTORELEASING = YES;
				CLANG_WARN_BOOL_CONVERSION = YES;
				CLANG_WARN_COMMA = YES;
				CLANG_WARN_CONSTANT_CONVERSION = YES;
				CLANG_WARN_DEPRECATED_OBJC_IMPLEMENTATIONS = YES;
				CLANG_WARN_DIRECT_OBJC_ISA_USAGE = YES_ERROR;
				CLANG_WARN_DOCUMENTATION_COMMENTS = YES;
				CLANG_WARN_EMPTY_BODY = YES;
				CLANG_WARN_ENUM_CONVERSION = YES;
				CLANG_WARN_INFINITE_RECURSION = YES;
				CLANG_WARN_INT_CONVERSION = YES;
				CLANG_WARN_NON_LITERAL_NULL_CONVERSION = YES;
				CLANG_WARN_OBJC_IMPLICIT_RETAIN_SELF = YES;
				CLANG_WARN_OBJC_LITERAL_CONVERSION = YES;
				CLANG_WARN_OBJC_ROOT_CLASS = YES_ERROR;
				CLANG_WARN_QUOTED_INCLUDE_IN_FRAMEWORK_HEADER = YES;
				CLANG_WARN_RANGE_LOOP_ANALYSIS = YES;
				CLANG_WARN_STRICT_PROTOTYPES = YES;
				CLANG_WARN_SUSPICIOUS_MOVE = YES;
				CLANG_WARN_UNGUARDED_AVAILABILITY = YES_AGGRESSIVE;
				CLANG_WARN_UNREACHABLE_CODE = YES;
				CLANG_WARN__DUPLICATE_METHOD_MATCH = YES;
				COPY_PHASE_STRIP = NO;
				DEBUG_INFORMATION_FORMAT = "dwarf-with-dsym";
				ENABLE_NS_ASSERTIONS = NO;
				ENABLE_STRICT_OBJC_MSGSEND = YES;
				GCC_C_LANGUAGE_STANDARD = gnu11;
				GCC_NO_COMMON_BLOCKS = YES;
				GCC_WARN_64_TO_32_BIT_CONVERSION = YES;
				GCC_WARN_ABOUT_RETURN_TYPE = YES_ERROR;
				GCC_WARN_UNDECLARED_SELECTOR = YES;
				GCC_WARN_UNINITIALIZED_AUTOS = YES_AGGRESSIVE;
				GCC_WARN_UNUSED_FUNCTION = YES;
				GCC_WARN_UNUSED_VARIABLE = YES;
				IPHONEOS_DEPLOYMENT_TARGET = 15.0;
				MTL_ENABLE_DEBUG_INFO = NO;
				MTL_FAST_MATH = YES;
				SDKROOT = iphoneos;
				SWIFT_COMPILATION_MODE = wholemodule;
				SWIFT_OPTIMIZATION_LEVEL = "-O";
				VALIDATE_PRODUCT = YES;
			};
			name = Release;
		};
		A7999BB12822B69D00B6BCDB /* Debug */ = {
			isa = XCBuildConfiguration;
			buildSettings = {
				ASSETCATALOG_COMPILER_APPICON_NAME = AppIcon;
				ASSETCATALOG_COMPILER_GLOBAL_ACCENT_COLOR_NAME = AccentColor;
				CODE_SIGN_STYLE = Automatic;
				CURRENT_PROJECT_VERSION = 1;
				DEVELOPMENT_ASSET_PATHS = "\"pokedex/Preview Content\"";
				DEVELOPMENT_TEAM = F3Y5649G7F;
				ENABLE_PREVIEWS = YES;
				GENERATE_INFOPLIST_FILE = YES;
				INFOPLIST_KEY_UIApplicationSceneManifest_Generation = YES;
				INFOPLIST_KEY_UIApplicationSupportsIndirectInputEvents = YES;
				INFOPLIST_KEY_UILaunchScreen_Generation = YES;
				INFOPLIST_KEY_UISupportedInterfaceOrientations_iPad = "UIInterfaceOrientationPortrait UIInterfaceOrientationPortraitUpsideDown UIInterfaceOrientationLandscapeLeft UIInterfaceOrientationLandscapeRight";
				INFOPLIST_KEY_UISupportedInterfaceOrientations_iPhone = "UIInterfaceOrientationPortrait UIInterfaceOrientationLandscapeLeft UIInterfaceOrientationLandscapeRight";
				IPHONEOS_DEPLOYMENT_TARGET = 14.0;
				LD_RUNPATH_SEARCH_PATHS = (
					"$(inherited)",
					"@executable_path/Frameworks",
				);
				MARKETING_VERSION = 1.0;
				PRODUCT_BUNDLE_IDENTIFIER = silvia.pokedex;
				PRODUCT_NAME = "$(TARGET_NAME)";
				SWIFT_EMIT_LOC_STRINGS = YES;
				SWIFT_VERSION = 5.0;
				TARGETED_DEVICE_FAMILY = "1,2";
			};
			name = Debug;
		};
		A7999BB22822B69D00B6BCDB /* Release */ = {
			isa = XCBuildConfiguration;
			buildSettings = {
				ASSETCATALOG_COMPILER_APPICON_NAME = AppIcon;
				ASSETCATALOG_COMPILER_GLOBAL_ACCENT_COLOR_NAME = AccentColor;
				CODE_SIGN_STYLE = Automatic;
				CURRENT_PROJECT_VERSION = 1;
				DEVELOPMENT_ASSET_PATHS = "\"pokedex/Preview Content\"";
				DEVELOPMENT_TEAM = F3Y5649G7F;
				ENABLE_PREVIEWS = YES;
				GENERATE_INFOPLIST_FILE = YES;
				INFOPLIST_KEY_UIApplicationSceneManifest_Generation = YES;
				INFOPLIST_KEY_UIApplicationSupportsIndirectInputEvents = YES;
				INFOPLIST_KEY_UILaunchScreen_Generation = YES;
				INFOPLIST_KEY_UISupportedInterfaceOrientations_iPad = "UIInterfaceOrientationPortrait UIInterfaceOrientationPortraitUpsideDown UIInterfaceOrientationLandscapeLeft UIInterfaceOrientationLandscapeRight";
				INFOPLIST_KEY_UISupportedInterfaceOrientations_iPhone = "UIInterfaceOrientationPortrait UIInterfaceOrientationLandscapeLeft UIInterfaceOrientationLandscapeRight";
				IPHONEOS_DEPLOYMENT_TARGET = 14.0;
				LD_RUNPATH_SEARCH_PATHS = (
					"$(inherited)",
					"@executable_path/Frameworks",
				);
				MARKETING_VERSION = 1.0;
				PRODUCT_BUNDLE_IDENTIFIER = silvia.pokedex;
				PRODUCT_NAME = "$(TARGET_NAME)";
				SWIFT_EMIT_LOC_STRINGS = YES;
				SWIFT_VERSION = 5.0;
				TARGETED_DEVICE_FAMILY = "1,2";
			};
			name = Release;
		};
		A7999BB42822B69D00B6BCDB /* Debug */ = {
			isa = XCBuildConfiguration;
			buildSettings = {
				ALWAYS_EMBED_SWIFT_STANDARD_LIBRARIES = YES;
				BUNDLE_LOADER = "$(TEST_HOST)";
				CODE_SIGN_STYLE = Automatic;
				CURRENT_PROJECT_VERSION = 1;
				DEVELOPMENT_TEAM = F3Y5649G7F;
				GENERATE_INFOPLIST_FILE = YES;
				IPHONEOS_DEPLOYMENT_TARGET = 14.0;
				LD_RUNPATH_SEARCH_PATHS = (
					"$(inherited)",
					"@executable_path/Frameworks",
					"@loader_path/Frameworks",
				);
				MARKETING_VERSION = 1.0;
				PRODUCT_BUNDLE_IDENTIFIER = silvia.pokedexTests;
				PRODUCT_NAME = "$(TARGET_NAME)";
				SWIFT_EMIT_LOC_STRINGS = NO;
				SWIFT_VERSION = 5.0;
				TARGETED_DEVICE_FAMILY = "1,2";
				TEST_HOST = "$(BUILT_PRODUCTS_DIR)/pokedex.app/pokedex";
			};
			name = Debug;
		};
		A7999BB52822B69D00B6BCDB /* Release */ = {
			isa = XCBuildConfiguration;
			buildSettings = {
				ALWAYS_EMBED_SWIFT_STANDARD_LIBRARIES = YES;
				BUNDLE_LOADER = "$(TEST_HOST)";
				CODE_SIGN_STYLE = Automatic;
				CURRENT_PROJECT_VERSION = 1;
				DEVELOPMENT_TEAM = F3Y5649G7F;
				GENERATE_INFOPLIST_FILE = YES;
				IPHONEOS_DEPLOYMENT_TARGET = 14.0;
				LD_RUNPATH_SEARCH_PATHS = (
					"$(inherited)",
					"@executable_path/Frameworks",
					"@loader_path/Frameworks",
				);
				MARKETING_VERSION = 1.0;
				PRODUCT_BUNDLE_IDENTIFIER = silvia.pokedexTests;
				PRODUCT_NAME = "$(TARGET_NAME)";
				SWIFT_EMIT_LOC_STRINGS = NO;
				SWIFT_VERSION = 5.0;
				TARGETED_DEVICE_FAMILY = "1,2";
				TEST_HOST = "$(BUILT_PRODUCTS_DIR)/pokedex.app/pokedex";
			};
			name = Release;
		};
		A7999BB72822B69D00B6BCDB /* Debug */ = {
			isa = XCBuildConfiguration;
			buildSettings = {
				ALWAYS_EMBED_SWIFT_STANDARD_LIBRARIES = YES;
				CODE_SIGN_STYLE = Automatic;
				CURRENT_PROJECT_VERSION = 1;
				DEVELOPMENT_TEAM = F3Y5649G7F;
				GENERATE_INFOPLIST_FILE = YES;
				LD_RUNPATH_SEARCH_PATHS = (
					"$(inherited)",
					"@executable_path/Frameworks",
					"@loader_path/Frameworks",
				);
				MARKETING_VERSION = 1.0;
				PRODUCT_BUNDLE_IDENTIFIER = silvia.pokedexUITests;
				PRODUCT_NAME = "$(TARGET_NAME)";
				SWIFT_EMIT_LOC_STRINGS = NO;
				SWIFT_VERSION = 5.0;
				TARGETED_DEVICE_FAMILY = "1,2";
				TEST_TARGET_NAME = pokedex;
			};
			name = Debug;
		};
		A7999BB82822B69D00B6BCDB /* Release */ = {
			isa = XCBuildConfiguration;
			buildSettings = {
				ALWAYS_EMBED_SWIFT_STANDARD_LIBRARIES = YES;
				CODE_SIGN_STYLE = Automatic;
				CURRENT_PROJECT_VERSION = 1;
				DEVELOPMENT_TEAM = F3Y5649G7F;
				GENERATE_INFOPLIST_FILE = YES;
				LD_RUNPATH_SEARCH_PATHS = (
					"$(inherited)",
					"@executable_path/Frameworks",
					"@loader_path/Frameworks",
				);
				MARKETING_VERSION = 1.0;
				PRODUCT_BUNDLE_IDENTIFIER = silvia.pokedexUITests;
				PRODUCT_NAME = "$(TARGET_NAME)";
				SWIFT_EMIT_LOC_STRINGS = NO;
				SWIFT_VERSION = 5.0;
				TARGETED_DEVICE_FAMILY = "1,2";
				TEST_TARGET_NAME = pokedex;
			};
			name = Release;
		};
/* End XCBuildConfiguration section */

/* Begin XCConfigurationList section */
		A7999B872822B69B00B6BCDB /* Build configuration list for PBXProject "pokedex" */ = {
			isa = XCConfigurationList;
			buildConfigurations = (
				A7999BAE2822B69D00B6BCDB /* Debug */,
				A7999BAF2822B69D00B6BCDB /* Release */,
			);
			defaultConfigurationIsVisible = 0;
			defaultConfigurationName = Release;
		};
		A7999BB02822B69D00B6BCDB /* Build configuration list for PBXNativeTarget "pokedex" */ = {
			isa = XCConfigurationList;
			buildConfigurations = (
				A7999BB12822B69D00B6BCDB /* Debug */,
				A7999BB22822B69D00B6BCDB /* Release */,
			);
			defaultConfigurationIsVisible = 0;
			defaultConfigurationName = Release;
		};
		A7999BB32822B69D00B6BCDB /* Build configuration list for PBXNativeTarget "pokedexTests" */ = {
			isa = XCConfigurationList;
			buildConfigurations = (
				A7999BB42822B69D00B6BCDB /* Debug */,
				A7999BB52822B69D00B6BCDB /* Release */,
			);
			defaultConfigurationIsVisible = 0;
			defaultConfigurationName = Release;
		};
		A7999BB62822B69D00B6BCDB /* Build configuration list for PBXNativeTarget "pokedexUITests" */ = {
			isa = XCConfigurationList;
			buildConfigurations = (
				A7999BB72822B69D00B6BCDB /* Debug */,
				A7999BB82822B69D00B6BCDB /* Release */,
			);
			defaultConfigurationIsVisible = 0;
			defaultConfigurationName = Release;
		};
/* End XCConfigurationList section */

/* Begin XCVersionGroup section */
		A7DD5364283513BB0022E369 /* Model.xcdatamodeld */ = {
			isa = XCVersionGroup;
			children = (
				A7DD5365283513BB0022E369 /* Model.xcdatamodel */,
			);
			currentVersion = A7DD5365283513BB0022E369 /* Model.xcdatamodel */;
			path = Model.xcdatamodeld;
			sourceTree = "<group>";
			versionGroupType = wrapper.xcdatamodel;
		};
/* End XCVersionGroup section */
	};
	rootObject = A7999B842822B69B00B6BCDB /* Project object */;
}
